
Microsoft Visual Studio Solution File, Format Version 12.00
# Visual Studio Version 17
VisualStudioVersion = 17.7.34018.315
MinimumVisualStudioVersion = 10.0.40219.1
Project("{9A19103F-16F7-4668-BE54-9A1E7A4F7556}") = "MachineLearning", "MachineLearning\MachineLearning.csproj", "{2D769662-1437-44E3-93C7-3C7AAE2BC1CC}"
EndProject
Project("{FAE04EC0-301F-11D3-BF4B-00C04F79EFBC}") = "Arrows", "Arrows\Arrows.csproj", "{333FB3F1-933D-48CF-A09F-EB109CB71F9C}"
EndProject
Project("{FAE04EC0-301F-11D3-BF4B-00C04F79EFBC}") = "MonoGame.ImGuiNet", "MonoGame.ImGuiNet\MonoGame.ImGuiNet\MonoGame.ImGuiNet.csproj", "{809602C2-5EAD-4633-9FFB-F5B2A05A06BC}"
EndProject
Project("{FAE04EC0-301F-11D3-BF4B-00C04F79EFBC}") = "MonoGame.Utils", "MonoGame.Utils\MonoGame.Utils.csproj", "{DBB33A3A-3165-4A88-8C90-6F71EFCE44AB}"
EndProject
Project("{FAE04EC0-301F-11D3-BF4B-00C04F79EFBC}") = "BackpropagationExamples", "BackpropagationExamples\BackpropagationExamples.csproj", "{34B5D8BF-5BB3-40D7-9366-56A26CBE6D08}"
EndProject
Project("{2150E333-8FDC-42A3-9474-1A3956D46DE8}") = "Common", "Common", "{E07F1E68-A41A-4BCF-9725-B4D60704415D}"
EndProject
Project("{2150E333-8FDC-42A3-9474-1A3956D46DE8}") = "Projects", "Projects", "{6E35E39D-D10A-4801-8EC4-A9C4FD831A43}"
EndProject
Global
	GlobalSection(SolutionConfigurationPlatforms) = preSolution
		Debug|Any CPU = Debug|Any CPU
		Release|Any CPU = Release|Any CPU
	EndGlobalSection
	GlobalSection(ProjectConfigurationPlatforms) = postSolution
		{2D769662-1437-44E3-93C7-3C7AAE2BC1CC}.Debug|Any CPU.ActiveCfg = Debug|Any CPU
		{2D769662-1437-44E3-93C7-3C7AAE2BC1CC}.Debug|Any CPU.Build.0 = Debug|Any CPU
		{2D769662-1437-44E3-93C7-3C7AAE2BC1CC}.Release|Any CPU.ActiveCfg = Release|Any CPU
		{2D769662-1437-44E3-93C7-3C7AAE2BC1CC}.Release|Any CPU.Build.0 = Release|Any CPU
		{333FB3F1-933D-48CF-A09F-EB109CB71F9C}.Debug|Any CPU.ActiveCfg = Debug|Any CPU
		{333FB3F1-933D-48CF-A09F-EB109CB71F9C}.Debug|Any CPU.Build.0 = Debug|Any CPU
		{333FB3F1-933D-48CF-A09F-EB109CB71F9C}.Release|Any CPU.ActiveCfg = Release|Any CPU
		{333FB3F1-933D-48CF-A09F-EB109CB71F9C}.Release|Any CPU.Build.0 = Release|Any CPU
		{809602C2-5EAD-4633-9FFB-F5B2A05A06BC}.Debug|Any CPU.ActiveCfg = Debug|Any CPU
		{809602C2-5EAD-4633-9FFB-F5B2A05A06BC}.Debug|Any CPU.Build.0 = Debug|Any CPU
		{809602C2-5EAD-4633-9FFB-F5B2A05A06BC}.Release|Any CPU.ActiveCfg = Release|Any CPU
		{809602C2-5EAD-4633-9FFB-F5B2A05A06BC}.Release|Any CPU.Build.0 = Release|Any CPU
		{DBB33A3A-3165-4A88-8C90-6F71EFCE44AB}.Debug|Any CPU.ActiveCfg = Debug|Any CPU
		{DBB33A3A-3165-4A88-8C90-6F71EFCE44AB}.Debug|Any CPU.Build.0 = Debug|Any CPU
		{DBB33A3A-3165-4A88-8C90-6F71EFCE44AB}.Release|Any CPU.ActiveCfg = Release|Any CPU
		{DBB33A3A-3165-4A88-8C90-6F71EFCE44AB}.Release|Any CPU.Build.0 = Release|Any CPU
		{34B5D8BF-5BB3-40D7-9366-56A26CBE6D08}.Debug|Any CPU.ActiveCfg = Debug|Any CPU
		{34B5D8BF-5BB3-40D7-9366-56A26CBE6D08}.Debug|Any CPU.Build.0 = Debug|Any CPU
		{34B5D8BF-5BB3-40D7-9366-56A26CBE6D08}.Release|Any CPU.ActiveCfg = Release|Any CPU
		{34B5D8BF-5BB3-40D7-9366-56A26CBE6D08}.Release|Any CPU.Build.0 = Release|Any CPU
	EndGlobalSection
	GlobalSection(SolutionProperties) = preSolution
		HideSolutionNode = FALSE
	EndGlobalSection
	GlobalSection(ExtensibilityGlobals) = postSolution
		SolutionGuid = {F6F8438F-80CC-45DB-BF44-655FBDE9CE33}
	EndGlobalSection
	GlobalSection(NestedProjects) = preSolution
		{2D769662-1437-44E3-93C7-3C7AAE2BC1CC} = {E07F1E68-A41A-4BCF-9725-B4D60704415D}
		{809602C2-5EAD-4633-9FFB-F5B2A05A06BC} = {E07F1E68-A41A-4BCF-9725-B4D60704415D}
		{DBB33A3A-3165-4A88-8C90-6F71EFCE44AB} = {E07F1E68-A41A-4BCF-9725-B4D60704415D}
		{333FB3F1-933D-48CF-A09F-EB109CB71F9C} = {6E35E39D-D10A-4801-8EC4-A9C4FD831A43}
		{34B5D8BF-5BB3-40D7-9366-56A26CBE6D08} = {6E35E39D-D10A-4801-8EC4-A9C4FD831A43}
	EndGlobalSection
EndGlobal
